PODS:
  - AudioKit (4.2.4):
    - AudioKit/UI (= 4.2.4)
  - AudioKit/UI (4.2.4)
  - ChameleonFramework/Default (2.1.0)
  - ChameleonFramework/Swift (2.1.0):
    - ChameleonFramework/Default
  - HGRippleRadarView (0.1.2)
  - SnapKit (4.0.0)

DEPENDENCIES:
  - AudioKit (~> 4.0)
  - AudioKit/UI
  - ChameleonFramework/Swift (from `https://github.com/ViccAlexander/Chameleon.git`)
  - HGRippleRadarView
  - SnapKit (~> 4.0.0)

SPEC REPOS:
  https://github.com/CocoaPods/Specs.git:
    - AudioKit
    - HGRippleRadarView
    - SnapKit

EXTERNAL SOURCES:
  ChameleonFramework:
    :git: https://github.com/ViccAlexander/Chameleon.git

CHECKOUT OPTIONS:
  ChameleonFramework:
    :commit: 6dd284bde21ea2e7f9fd89bc36f40df16e16369d
    :git: https://github.com/ViccAlexander/Chameleon.git

SPEC CHECKSUMS:
  AudioKit: 90ed0de2bc50ab68306f4b424ae1622fc9149b8e
  ChameleonFramework: d21a3cc247abfe5e37609a283a8238b03575cf64
  HGRippleRadarView: 5379e27634c09222ebc836671c7425ad7b257cc4
  SnapKit: a42d492c16e80209130a3379f73596c3454b7694

PODFILE CHECKSUM: 5ef3c97968761338334c40b210b0e1e76991be71

COCOAPODS: 1.5.0
